// !$*UTF8*$!
{
	archiveVersion = 1;
	classes = {
	};
	objectVersion = 55;
	objects = {

/* Begin PBXBuildFile section */
		0682012A27E21B1600C991F9 /* ListOfTutorsApp.swift in Sources */ = {isa = PBXBuildFile; fileRef = 0682011A27E21B1400C991F9 /* ListOfTutorsApp.swift */; };
		0682012B27E21B1600C991F9 /* ListOfTutorsApp.swift in Sources */ = {isa = PBXBuildFile; fileRef = 0682011A27E21B1400C991F9 /* ListOfTutorsApp.swift */; };
		0682012C27E21B1600C991F9 /* ContentView.swift in Sources */ = {isa = PBXBuildFile; fileRef = 0682011B27E21B1400C991F9 /* ContentView.swift */; };
		0682012D27E21B1600C991F9 /* ContentView.swift in Sources */ = {isa = PBXBuildFile; fileRef = 0682011B27E21B1400C991F9 /* ContentView.swift */; };
		0682012E27E21B1600C991F9 /* Assets.xcassets in Resources */ = {isa = PBXBuildFile; fileRef = 0682011C27E21B1600C991F9 /* Assets.xcassets */; };
		0682012F27E21B1600C991F9 /* Assets.xcassets in Resources */ = {isa = PBXBuildFile; fileRef = 0682011C27E21B1600C991F9 /* Assets.xcassets */; };
		0682013C27E21B4B00C991F9 /* Tutor.swift in Sources */ = {isa = PBXBuildFile; fileRef = 0682013B27E21B4B00C991F9 /* Tutor.swift */; };
		0682013D27E21B4B00C991F9 /* Tutor.swift in Sources */ = {isa = PBXBuildFile; fileRef = 0682013B27E21B4B00C991F9 /* Tutor.swift */; };
		0682013F27E21B5000C991F9 /* Tutor.xcassets in Resources */ = {isa = PBXBuildFile; fileRef = 0682013E27E21B5000C991F9 /* Tutor.xcassets */; };
		0682014027E21B5000C991F9 /* Tutor.xcassets in Resources */ = {isa = PBXBuildFile; fileRef = 0682013E27E21B5000C991F9 /* Tutor.xcassets */; };
		0682014227E21B8300C991F9 /* TutorInfo.swift in Sources */ = {isa = PBXBuildFile; fileRef = 0682014127E21B8300C991F9 /* TutorInfo.swift */; };
		0682014327E21B8300C991F9 /* TutorInfo.swift in Sources */ = {isa = PBXBuildFile; fileRef = 0682014127E21B8300C991F9 /* TutorInfo.swift */; };
/* End PBXBuildFile section */

/* Begin PBXFileReference section */
		0682011A27E21B1400C991F9 /* ListOfTutorsApp.swift */ = {isa = PBXFileReference; lastKnownFileType = sourcecode.swift; path = ListOfTutorsApp.swift; sourceTree = "<group>"; };
		0682011B27E21B1400C991F9 /* ContentView.swift */ = {isa = PBXFileReference; lastKnownFileType = sourcecode.swift; path = ContentView.swift; sourceTree = "<group>"; };
		0682011C27E21B1600C991F9 /* Assets.xcassets */ = {isa = PBXFileReference; lastKnownFileType = folder.assetcatalog; path = Assets.xcassets; sourceTree = "<group>"; };
		0682012127E21B1600C991F9 /* ListOfTutors.app */ = {isa = PBXFileReference; explicitFileType = wrapper.application; includeInIndex = 0; path = ListOfTutors.app; sourceTree = BUILT_PRODUCTS_DIR; };
		0682012727E21B1600C991F9 /* ListOfTutors.app */ = {isa = PBXFileReference; explicitFileType = wrapper.application; includeInIndex = 0; path = ListOfTutors.app; sourceTree = BUILT_PRODUCTS_DIR; };
		0682012927E21B1600C991F9 /* macOS.entitlements */ = {isa = PBXFileReference; lastKnownFileType = text.plist.entitlements; path = macOS.entitlements; sourceTree = "<group>"; };
		0682013B27E21B4B00C991F9 /* Tutor.swift */ = {isa = PBXFileReference; fileEncoding = 4; lastKnownFileType = sourcecode.swift; name = Tutor.swift; path = ../../MyFirstApp/Resources/Tutor.swift; sourceTree = "<group>"; };
		0682013E27E21B5000C991F9 /* Tutor.xcassets */ = {isa = PBXFileReference; lastKnownFileType = folder.assetcatalog; name = Tutor.xcassets; path = ../../MyFirstApp/Resources/Tutor.xcassets; sourceTree = "<group>"; };
		0682014127E21B8300C991F9 /* TutorInfo.swift */ = {isa = PBXFileReference; lastKnownFileType = sourcecode.swift; path = TutorInfo.swift; sourceTree = "<group>"; };
/* End PBXFileReference section */

/* Begin PBXFrameworksBuildPhase section */
		0682011E27E21B1600C991F9 /* Frameworks */ = {
			isa = PBXFrameworksBuildPhase;
			buildActionMask = 2147483647;
			files = (
			);
			runOnlyForDeploymentPostprocessing = 0;
		};
		0682012427E21B1600C991F9 /* Frameworks */ = {
			isa = PBXFrameworksBuildPhase;
			buildActionMask = 2147483647;
			files = (
			);
			runOnlyForDeploymentPostprocessing = 0;
		};
/* End PBXFrameworksBuildPhase section */

/* Begin PBXGroup section */
		0682011427E21B1400C991F9 = {
			isa = PBXGroup;
			children = (
				0682011927E21B1400C991F9 /* Shared */,
				0682012827E21B1600C991F9 /* macOS */,
				0682012227E21B1600C991F9 /* Products */,
			);
			sourceTree = "<group>";
		};
		0682011927E21B1400C991F9 /* Shared */ = {
			isa = PBXGroup;
			children = (
				0682013E27E21B5000C991F9 /* Tutor.xcassets */,
				0682013B27E21B4B00C991F9 /* Tutor.swift */,
				0682011A27E21B1400C991F9 /* ListOfTutorsApp.swift */,
				0682011B27E21B1400C991F9 /* ContentView.swift */,
				0682014127E21B8300C991F9 /* TutorInfo.swift */,
				0682011C27E21B1600C991F9 /* Assets.xcassets */,
			);
			path = Shared;
			sourceTree = "<group>";
		};
		0682012227E21B1600C991F9 /* Products */ = {
			isa = PBXGroup;
			children = (
				0682012127E21B1600C991F9 /* ListOfTutors.app */,
				0682012727E21B1600C991F9 /* ListOfTutors.app */,
			);
			name = Products;
			sourceTree = "<group>";
		};
		0682012827E21B1600C991F9 /* macOS */ = {
			isa = PBXGroup;
			children = (
				0682012927E21B1600C991F9 /* macOS.entitlements */,
			);
			path = macOS;
			sourceTree = "<group>";
		};
/* End PBXGroup section */

/* Begin PBXNativeTarget section */
		0682012027E21B1600C991F9 /* ListOfTutors (iOS) */ = {
			isa = PBXNativeTarget;
			buildConfigurationList = 0682013227E21B1600C991F9 /* Build configuration list for PBXNativeTarget "ListOfTutors (iOS)" */;
			buildPhases = (
				0682011D27E21B1600C991F9 /* Sources */,
				0682011E27E21B1600C991F9 /* Frameworks */,
				0682011F27E21B1600C991F9 /* Resources */,
			);
			buildRules = (
			);
			dependencies = (
			);
			name = "ListOfTutors (iOS)";
			productName = "ListOfTutors (iOS)";
			productReference = 0682012127E21B1600C991F9 /* ListOfTutors.app */;
			productType = "com.apple.product-type.application";
		};
		0682012627E21B1600C991F9 /* ListOfTutors (macOS) */ = {
			isa = PBXNativeTarget;
			buildConfigurationList = 0682013527E21B1600C991F9 /* Build configuration list for PBXNativeTarget "ListOfTutors (macOS)" */;
			buildPhases = (
				0682012327E21B1600C991F9 /* Sources */,
				0682012427E21B1600C991F9 /* Frameworks */,
				0682012527E21B1600C991F9 /* Resources */,
			);
			buildRules = (
			);
			dependencies = (
			);
			name = "ListOfTutors (macOS)";
			productName = "ListOfTutors (macOS)";
			productReference = 0682012727E21B1600C991F9 /* ListOfTutors.app */;
			productType = "com.apple.product-type.application";
		};
/* End PBXNativeTarget section */

/* Begin PBXProject section */
		0682011527E21B1400C991F9 /* Project object */ = {
			isa = PBXProject;
			attributes = {
				BuildIndependentTargetsInParallel = 1;
				LastSwiftUpdateCheck = 1320;
				LastUpgradeCheck = 1320;
				TargetAttributes = {
					0682012027E21B1600C991F9 = {
						CreatedOnToolsVersion = 13.2.1;
					};
					0682012627E21B1600C991F9 = {
						CreatedOnToolsVersion = 13.2.1;
					};
				};
			};
			buildConfigurationList = 0682011827E21B1400C991F9 /* Build configuration list for PBXProject "ListOfTutors" */;
			compatibilityVersion = "Xcode 13.0";
			developmentRegion = en;
			hasScannedForEncodings = 0;
			knownRegions = (
				en,
				Base,
			);
			mainGroup = 0682011427E21B1400C991F9;
			productRefGroup = 0682012227E21B1600C991F9 /* Products */;
			projectDirPath = "";
			projectRoot = "";
			targets = (
				0682012027E21B1600C991F9 /* ListOfTutors (iOS) */,
				0682012627E21B1600C991F9 /* ListOfTutors (macOS) */,
			);
		};
/* End PBXProject section */

/* Begin PBXResourcesBuildPhase section */
		0682011F27E21B1600C991F9 /* Resources */ = {
			isa = PBXResourcesBuildPhase;
			buildActionMask = 2147483647;
			files = (
				0682012E27E21B1600C991F9 /* Assets.xcassets in Resources */,
				0682013F27E21B5000C991F9 /* Tutor.xcassets in Resources */,
			);
			runOnlyForDeploymentPostprocessing = 0;
		};
		0682012527E21B1600C991F9 /* Resources */ = {
			isa = PBXResourcesBuildPhase;
			buildActionMask = 2147483647;
			files = (
				0682012F27E21B1600C991F9 /* Assets.xcassets in Resources */,
				0682014027E21B5000C991F9 /* Tutor.xcassets in Resources */,
			);
			runOnlyForDeploymentPostprocessing = 0;
		};
/* End PBXResourcesBuildPhase section */

/* Begin PBXSourcesBuildPhase section */
		0682011D27E21B1600C991F9 /* Sources */ = {
			isa = PBXSourcesBuildPhase;
			buildActionMask = 2147483647;
			files = (
				0682014227E21B8300C991F9 /* TutorInfo.swift in Sources */,
				0682012C27E21B1600C991F9 /* ContentView.swift in Sources */,
				0682013C27E21B4B00C991F9 /* Tutor.swift in Sources */,
				0682012A27E21B1600C991F9 /* ListOfTutorsApp.swift in Sources */,
			);
			runOnlyForDeploymentPostprocessing = 0;
		};
		0682012327E21B1600C991F9 /* Sources */ = {
			isa = PBXSourcesBuildPhase;
			buildActionMask = 2147483647;
			files = (
				0682014327E21B8300C991F9 /* TutorInfo.swift in Sources */,
				0682012D27E21B1600C991F9 /* ContentView.swift in Sources */,
				0682013D27E21B4B00C991F9 /* Tutor.swift in Sources */,
				0682012B27E21B1600C991F9 /* ListOfTutorsApp.swift in Sources */,
			);
			runOnlyForDeploymentPostprocessing = 0;
		};
/* End PBXSourcesBuildPhase section */

/* Begin XCBuildConfiguration section */
		0682013027E21B1600C991F9 /* Debug */ = {
			isa = XCBuildConfiguration;
			buildSettings = {
				ALWAYS_SEARCH_USER_PATHS = NO;
				CLANG_ANALYZER_NONNULL = YES;
				CLANG_ANALYZER_NUMBER_OBJECT_CONVERSION = YES_AGGRESSIVE;
				CLANG_CXX_LANGUAGE_STANDARD = "gnu++17";
				CLANG_CXX_LIBRARY = "libc++";
				CLANG_ENABLE_MODULES = YES;
				CLANG_ENABLE_OBJC_ARC = YES;
				CLANG_ENABLE_OBJC_WEAK = YES;
				CLANG_WARN_BLOCK_CAPTURE_AUTORELEASING = YES;
				CLANG_WARN_BOOL_CONVERSION = YES;
				CLANG_WARN_COMMA = YES;
				CLANG_WARN_CONSTANT_CONVERSION = YES;
				CLANG_WARN_DEPRECATED_OBJC_IMPLEMENTATIONS = YES;
				CLANG_WARN_DIRECT_OBJC_ISA_USAGE = YES_ERROR;
				CLANG_WARN_DOCUMENTATION_COMMENTS = YES;
				CLANG_WARN_EMPTY_BODY = YES;
				CLANG_WARN_ENUM_CONVERSION = YES;
				CLANG_WARN_INFINITE_RECURSION = YES;
				CLANG_WARN_INT_CONVERSION = YES;
				CLANG_WARN_NON_LITERAL_NULL_CONVERSION = YES;
				CLANG_WARN_OBJC_IMPLICIT_RETAIN_SELF = YES;
				CLANG_WARN_OBJC_LITERAL_CONVERSION = YES;
				CLANG_WARN_OBJC_ROOT_CLASS = YES_ERROR;
				CLANG_WARN_QUOTED_INCLUDE_IN_FRAMEWORK_HEADER = YES;
				CLANG_WARN_RANGE_LOOP_ANALYSIS = YES;
				CLANG_WARN_STRICT_PROTOTYPES = YES;
				CLANG_WARN_SUSPICIOUS_MOVE = YES;
				CLANG_WARN_UNGUARDED_AVAILABILITY = YES_AGGRESSIVE;
				CLANG_WARN_UNREACHABLE_CODE = YES;
				CLANG_WARN__DUPLICATE_METHOD_MATCH = YES;
				COPY_PHASE_STRIP = NO;
				DEBUG_INFORMATION_FORMAT = dwarf;
				ENABLE_STRICT_OBJC_MSGSEND = YES;
				ENABLE_TESTABILITY = YES;
				GCC_C_LANGUAGE_STANDARD = gnu11;
				GCC_DYNAMIC_NO_PIC = NO;
				GCC_NO_COMMON_BLOCKS = YES;
				GCC_OPTIMIZATION_LEVEL = 0;
				GCC_PREPROCESSOR_DEFINITIONS = (
					"DEBUG=1",
					"$(inherited)",
				);
				GCC_WARN_64_TO_32_BIT_CONVERSION = YES;
				GCC_WARN_ABOUT_RETURN_TYPE = YES_ERROR;
				GCC_WARN_UNDECLARED_SELECTOR = YES;
				GCC_WARN_UNINITIALIZED_AUTOS = YES_AGGRESSIVE;
				GCC_WARN_UNUSED_FUNCTION = YES;
				GCC_WARN_UNUSED_VARIABLE = YES;
				MTL_ENABLE_DEBUG_INFO = INCLUDE_SOURCE;
				MTL_FAST_MATH = YES;
				ONLY_ACTIVE_ARCH = YES;
				SWIFT_ACTIVE_COMPILATION_CONDITIONS = DEBUG;
				SWIFT_OPTIMIZATION_LEVEL = "-Onone";
			};
			name = Debug;
		};
		0682013127E21B1600C991F9 /* Release */ = {
			isa = XCBuildConfiguration;
			buildSettings = {
				ALWAYS_SEARCH_USER_PATHS = NO;
				CLANG_ANALYZER_NONNULL = YES;
				CLANG_ANALYZER_NUMBER_OBJECT_CONVERSION = YES_AGGRESSIVE;
				CLANG_CXX_LANGUAGE_STANDARD = "gnu++17";
				CLANG_CXX_LIBRARY = "libc++";
				CLANG_ENABLE_MODULES = YES;
				CLANG_ENABLE_OBJC_ARC = YES;
				CLANG_ENABLE_OBJC_WEAK = YES;
				CLANG_WARN_BLOCK_CAPTURE_AUTORELEASING = YES;
				CLANG_WARN_BOOL_CONVERSION = YES;
				CLANG_WARN_COMMA = YES;
				CLANG_WARN_CONSTANT_CONVERSION = YES;
				CLANG_WARN_DEPRECATED_OBJC_IMPLEMENTATIONS = YES;
				CLANG_WARN_DIRECT_OBJC_ISA_USAGE = YES_ERROR;
				CLANG_WARN_DOCUMENTATION_COMMENTS = YES;
				CLANG_WARN_EMPTY_BODY = YES;
				CLANG_WARN_ENUM_CONVERSION = YES;
				CLANG_WARN_INFINITE_RECURSION = YES;
				CLANG_WARN_INT_CONVERSION = YES;
				CLANG_WARN_NON_LITERAL_NULL_CONVERSION = YES;
				CLANG_WARN_OBJC_IMPLICIT_RETAIN_SELF = YES;
				CLANG_WARN_OBJC_LITERAL_CONVERSION = YES;
				CLANG_WARN_OBJC_ROOT_CLASS = YES_ERROR;
				CLANG_WARN_QUOTED_INCLUDE_IN_FRAMEWORK_HEADER = YES;
				CLANG_WARN_RANGE_LOOP_ANALYSIS = YES;
				CLANG_WARN_STRICT_PROTOTYPES = YES;
				CLANG_WARN_SUSPICIOUS_MOVE = YES;
				CLANG_WARN_UNGUARDED_AVAILABILITY = YES_AGGRESSIVE;
				CLANG_WARN_UNREACHABLE_CODE = YES;
				CLANG_WARN__DUPLICATE_METHOD_MATCH = YES;
				COPY_PHASE_STRIP = NO;
				DEBUG_INFORMATION_FORMAT = "dwarf-with-dsym";
				ENABLE_NS_ASSERTIONS = NO;
				ENABLE_STRICT_OBJC_MSGSEND = YES;
				GCC_C_LANGUAGE_STANDARD = gnu11;
				GCC_NO_COMMON_BLOCKS = YES;
				GCC_WARN_64_TO_32_BIT_CONVERSION = YES;
				GCC_WARN_ABOUT_RETURN_TYPE = YES_ERROR;
				GCC_WARN_UNDECLARED_SELECTOR = YES;
				GCC_WARN_UNINITIALIZED_AUTOS = YES_AGGRESSIVE;
				GCC_WARN_UNUSED_FUNCTION = YES;
				GCC_WARN_UNUSED_VARIABLE = YES;
				MTL_ENABLE_DEBUG_INFO = NO;
				MTL_FAST_MATH = YES;
				SWIFT_COMPILATION_MODE = wholemodule;
				SWIFT_OPTIMIZATION_LEVEL = "-O";
			};
			name = Release;
		};
		0682013327E21B1600C991F9 /* Debug */ = {
			isa = XCBuildConfiguration;
			buildSettings = {
				ASSETCATALOG_COMPILER_APPICON_NAME = AppIcon;
				ASSETCATALOG_COMPILER_GLOBAL_ACCENT_COLOR_NAME = AccentColor;
				CODE_SIGN_STYLE = Automatic;
				CURRENT_PROJECT_VERSION = 1;
				ENABLE_PREVIEWS = YES;
				GENERATE_INFOPLIST_FILE = YES;
				INFOPLIST_KEY_UIApplicationSceneManifest_Generation = YES;
				INFOPLIST_KEY_UIApplicationSupportsIndirectInputEvents = YES;
				INFOPLIST_KEY_UILaunchScreen_Generation = YES;
				INFOPLIST_KEY_UISupportedInterfaceOrientations_iPad = "UIInterfaceOrientationPortrait UIInterfaceOrientationPortraitUpsideDown UIInterfaceOrientationLandscapeLeft UIInterfaceOrientationLandscapeRight";
				INFOPLIST_KEY_UISupportedInterfaceOrientations_iPhone = "UIInterfaceOrientationPortrait UIInterfaceOrientationLandscapeLeft UIInterfaceOrientationLandscapeRight";
				IPHONEOS_DEPLOYMENT_TARGET = 15.2;
				LD_RUNPATH_SEARCH_PATHS = (
					"$(inherited)",
					"@executable_path/Frameworks",
				);
				MARKETING_VERSION = 1.0;
				PRODUCT_BUNDLE_IDENTIFIER = App.ListOfTutors;
				PRODUCT_NAME = ListOfTutors;
				SDKROOT = iphoneos;
				SWIFT_EMIT_LOC_STRINGS = YES;
				SWIFT_VERSION = 5.0;
				TARGETED_DEVICE_FAMILY = "1,2";
			};
			name = Debug;
		};
		0682013427E21B1600C991F9 /* Release */ = {
			isa = XCBuildConfiguration;
			buildSettings = {
				ASSETCATALOG_COMPILER_APPICON_NAME = AppIcon;
				ASSETCATALOG_COMPILER_GLOBAL_ACCENT_COLOR_NAME = AccentColor;
				CODE_SIGN_STYLE = Automatic;
				CURRENT_PROJECT_VERSION = 1;
				ENABLE_PREVIEWS = YES;
				GENERATE_INFOPLIST_FILE = YES;
				INFOPLIST_KEY_UIApplicationSceneManifest_Generation = YES;
				INFOPLIST_KEY_UIApplicationSupportsIndirectInputEvents = YES;
				INFOPLIST_KEY_UILaunchScreen_Generation = YES;
				INFOPLIST_KEY_UISupportedInterfaceOrientations_iPad = "UIInterfaceOrientationPortrait UIInterfaceOrientationPortraitUpsideDown UIInterfaceOrientationLandscapeLeft UIInterfaceOrientationLandscapeRight";
				INFOPLIST_KEY_UISupportedInterfaceOrientations_iPhone = "UIInterfaceOrientationPortrait UIInterfaceOrientationLandscapeLeft UIInterfaceOrientationLandscapeRight";
				IPHONEOS_DEPLOYMENT_TARGET = 15.2;
				LD_RUNPATH_SEARCH_PATHS = (
					"$(inherited)",
					"@executable_path/Frameworks",
				);
				MARKETING_VERSION = 1.0;
				PRODUCT_BUNDLE_IDENTIFIER = App.ListOfTutors;
				PRODUCT_NAME = ListOfTutors;
				SDKROOT = iphoneos;
				SWIFT_EMIT_LOC_STRINGS = YES;
				SWIFT_VERSION = 5.0;
				TARGETED_DEVICE_FAMILY = "1,2";
				VALIDATE_PRODUCT = YES;
			};
			name = Release;
		};
		0682013627E21B1600C991F9 /* Debug */ = {
			isa = XCBuildConfiguration;
			buildSettings = {
				ASSETCATALOG_COMPILER_APPICON_NAME = AppIcon;
				ASSETCATALOG_COMPILER_GLOBAL_ACCENT_COLOR_NAME = AccentColor;
				CODE_SIGN_ENTITLEMENTS = macOS/macOS.entitlements;
				CODE_SIGN_STYLE = Automatic;
				COMBINE_HIDPI_IMAGES = YES;
				CURRENT_PROJECT_VERSION = 1;
				ENABLE_PREVIEWS = YES;
				GENERATE_INFOPLIST_FILE = YES;
				INFOPLIST_KEY_NSHumanReadableCopyright = "";
				LD_RUNPATH_SEARCH_PATHS = (
					"$(inherited)",
					"@executable_path/../Frameworks",
				);
				MACOSX_DEPLOYMENT_TARGET = 12.1;
				MARKETING_VERSION = 1.0;
				PRODUCT_BUNDLE_IDENTIFIER = App.ListOfTutors;
				PRODUCT_NAME = ListOfTutors;
				SDKROOT = macosx;
				SWIFT_EMIT_LOC_STRINGS = YES;
				SWIFT_VERSION = 5.0;
			};
			name = Debug;
		};
		0682013727E21B1600C991F9 /* Release */ = {
			isa = XCBuildConfiguration;
			buildSettings = {
				ASSETCATALOG_COMPILER_APPICON_NAME = AppIcon;
				ASSETCATALOG_COMPILER_GLOBAL_ACCENT_COLOR_NAME = AccentColor;
				CODE_SIGN_ENTITLEMENTS = macOS/macOS.entitlements;
				CODE_SIGN_STYLE = Automatic;
				COMBINE_HIDPI_IMAGES = YES;
				CURRENT_PROJECT_VERSION = 1;
				ENABLE_PREVIEWS = YES;
				GENERATE_INFOPLIST_FILE = YES;
				INFOPLIST_KEY_NSHumanReadableCopyright = "";
				LD_RUNPATH_SEARCH_PATHS = (
					"$(inherited)",
					"@executable_path/../Frameworks",
				);
				MACOSX_DEPLOYMENT_TARGET = 12.1;
				MARKETING_VERSION = 1.0;
				PRODUCT_BUNDLE_IDENTIFIER = App.ListOfTutors;
				PRODUCT_NAME = ListOfTutors;
				SDKROOT = macosx;
				SWIFT_EMIT_LOC_STRINGS = YES;
				SWIFT_VERSION = 5.0;
			};
			name = Release;
		};
/* End XCBuildConfiguration section */

/* Begin XCConfigurationList section */
		0682011827E21B1400C991F9 /* Build configuration list for PBXProject "ListOfTutors" */ = {
			isa = XCConfigurationList;
			buildConfigurations = (
				0682013027E21B1600C991F9 /* Debug */,
				0682013127E21B1600C991F9 /* Release */,
			);
			defaultConfigurationIsVisible = 0;
			defaultConfigurationName = Release;
		};
		0682013227E21B1600C991F9 /* Build configuration list for PBXNativeTarget "ListOfTutors (iOS)" */ = {
			isa = XCConfigurationList;
			buildConfigurations = (
				0682013327E21B1600C991F9 /* Debug */,
				0682013427E21B1600C991F9 /* Release */,
			);
			defaultConfigurationIsVisible = 0;
			defaultConfigurationName = Release;
		};
		0682013527E21B1600C991F9 /* Build configuration list for PBXNativeTarget "ListOfTutors (macOS)" */ = {
			isa = XCConfigurationList;
			buildConfigurations = (
				0682013627E21B1600C991F9 /* Debug */,
				0682013727E21B1600C991F9 /* Release */,
			);
			defaultConfigurationIsVisible = 0;
			defaultConfigurationName = Release;
		};
/* End XCConfigurationList section */
	};
	rootObject = 0682011527E21B1400C991F9 /* Project object */;
}
